// !$*UTF8*$!
{
	archiveVersion = 1;
	classes = {
	};
	objectVersion = 77;
	objects = {

/* Begin PBXBuildFile section */
		971D16BE2E053E810040981D /* ChatViewModel.swift in Sources */ = {isa = PBXBuildFile; fileRef = 971D16BD2E053E810040981D /* ChatViewModel.swift */; };
		971FCC1B2E05126600954414 /* Localizable.xcstrings in Resources */ = {isa = PBXBuildFile; fileRef = 971FCC1A2E05126600954414 /* Localizable.xcstrings */; };
		97491B5F2E041BA200351735 /* ChatView.swift in Sources */ = {isa = PBXBuildFile; fileRef = 97491B5E2E041B9C00351735 /* ChatView.swift */; };
		97491B612E041BE900351735 /* ChatModels.swift in Sources */ = {isa = PBXBuildFile; fileRef = 97491B602E041BE400351735 /* ChatModels.swift */; };
		97491B632E041C3100351735 /* Utils.swift in Sources */ = {isa = PBXBuildFile; fileRef = 97491B622E041C2500351735 /* Utils.swift */; };
		9772EDF62E041A9D00EB46C7 /* ChatManager.swift in Sources */ = {isa = PBXBuildFile; fileRef = 9772EDF32E041A9D00EB46C7 /* ChatManager.swift */; };
		9772EDF72E041A9D00EB46C7 /* ContentView.swift in Sources */ = {isa = PBXBuildFile; fileRef = 9772EDF42E041A9D00EB46C7 /* ContentView.swift */; };
		9772EDF82E041A9D00EB46C7 /* SystemLanguageModelChatApp.swift in Sources */ = {isa = PBXBuildFile; fileRef = 9772EDF12E041A9D00EB46C7 /* SystemLanguageModelChatApp.swift */; };
		9772EDF92E041A9D00EB46C7 /* Assets.xcassets in Resources */ = {isa = PBXBuildFile; fileRef = 9772EDF22E041A9D00EB46C7 /* Assets.xcassets */; };
		978FA24D2E0545A000140A49 /* Prompts.swift in Sources */ = {isa = PBXBuildFile; fileRef = 978FA24C2E0545A000140A49 /* Prompts.swift */; };
/* End PBXBuildFile section */

/* Begin PBXFileReference section */
		971D16BD2E053E810040981D /* ChatViewModel.swift */ = {isa = PBXFileReference; lastKnownFileType = sourcecode.swift; path = ChatViewModel.swift; sourceTree = "<group>"; };
		971FCC1A2E05126600954414 /* Localizable.xcstrings */ = {isa = PBXFileReference; lastKnownFileType = text.json.xcstrings; path = Localizable.xcstrings; sourceTree = "<group>"; };
		97491B112E02CAA200351735 /* SystemLanguageModelChat.app */ = {isa = PBXFileReference; explicitFileType = wrapper.application; includeInIndex = 0; path = SystemLanguageModelChat.app; sourceTree = BUILT_PRODUCTS_DIR; };
		97491B5E2E041B9C00351735 /* ChatView.swift */ = {isa = PBXFileReference; lastKnownFileType = sourcecode.swift; path = ChatView.swift; sourceTree = "<group>"; };
		97491B602E041BE400351735 /* ChatModels.swift */ = {isa = PBXFileReference; lastKnownFileType = sourcecode.swift; path = ChatModels.swift; sourceTree = "<group>"; };
		97491B622E041C2500351735 /* Utils.swift */ = {isa = PBXFileReference; lastKnownFileType = sourcecode.swift; path = Utils.swift; sourceTree = "<group>"; };
		97491B642E05004600351735 /* Info.plist */ = {isa = PBXFileReference; lastKnownFileType = text.plist; path = Info.plist; sourceTree = "<group>"; };
		9772EDF12E041A9D00EB46C7 /* SystemLanguageModelChatApp.swift */ = {isa = PBXFileReference; lastKnownFileType = sourcecode.swift; path = SystemLanguageModelChatApp.swift; sourceTree = "<group>"; };
		9772EDF22E041A9D00EB46C7 /* Assets.xcassets */ = {isa = PBXFileReference; lastKnownFileType = folder.assetcatalog; path = Assets.xcassets; sourceTree = "<group>"; };
		9772EDF32E041A9D00EB46C7 /* ChatManager.swift */ = {isa = PBXFileReference; lastKnownFileType = sourcecode.swift; path = ChatManager.swift; sourceTree = "<group>"; };
		9772EDF42E041A9D00EB46C7 /* ContentView.swift */ = {isa = PBXFileReference; lastKnownFileType = sourcecode.swift; path = ContentView.swift; sourceTree = "<group>"; };
		978FA24C2E0545A000140A49 /* Prompts.swift */ = {isa = PBXFileReference; lastKnownFileType = sourcecode.swift; path = Prompts.swift; sourceTree = "<group>"; };
/* End PBXFileReference section */

/* Begin PBXFrameworksBuildPhase section */
		97491B0E2E02CAA200351735 /* Frameworks */ = {
			isa = PBXFrameworksBuildPhase;
			buildActionMask = 2147483647;
			files = (
			);
			runOnlyForDeploymentPostprocessing = 0;
		};
/* End PBXFrameworksBuildPhase section */

/* Begin PBXGroup section */
		97491B082E02CAA200351735 = {
			isa = PBXGroup;
			children = (
				971FCC1A2E05126600954414 /* Localizable.xcstrings */,
				9772EDF52E041A9D00EB46C7 /* SystemLanguageModelChat */,
				97491B122E02CAA200351735 /* Products */,
			);
			sourceTree = "<group>";
		};
		97491B122E02CAA200351735 /* Products */ = {
			isa = PBXGroup;
			children = (
				97491B112E02CAA200351735 /* SystemLanguageModelChat.app */,
			);
			name = Products;
			sourceTree = "<group>";
		};
		9772EDF52E041A9D00EB46C7 /* SystemLanguageModelChat */ = {
			isa = PBXGroup;
			children = (
				97491B642E05004600351735 /* Info.plist */,
				9772EDF12E041A9D00EB46C7 /* SystemLanguageModelChatApp.swift */,
				9772EDF42E041A9D00EB46C7 /* ContentView.swift */,
				9772EDF32E041A9D00EB46C7 /* ChatManager.swift */,
				97491B602E041BE400351735 /* ChatModels.swift */,
				971D16BD2E053E810040981D /* ChatViewModel.swift */,
				978FA24C2E0545A000140A49 /* Prompts.swift */,
				97491B5E2E041B9C00351735 /* ChatView.swift */,
				97491B622E041C2500351735 /* Utils.swift */,
				9772EDF22E041A9D00EB46C7 /* Assets.xcassets */,
			);
			path = SystemLanguageModelChat;
			sourceTree = "<group>";
		};
/* End PBXGroup section */

/* Begin PBXNativeTarget section */
		97491B102E02CAA200351735 /* SystemLanguageModelChat */ = {
			isa = PBXNativeTarget;
			buildConfigurationList = 97491B1C2E02CAA300351735 /* Build configuration list for PBXNativeTarget "SystemLanguageModelChat" */;
			buildPhases = (
				97491B0D2E02CAA200351735 /* Sources */,
				97491B0E2E02CAA200351735 /* Frameworks */,
				97491B0F2E02CAA200351735 /* Resources */,
			);
			buildRules = (
			);
			dependencies = (
			);
			name = SystemLanguageModelChat;
			packageProductDependencies = (
			);
			productName = AIProj;
			productReference = 97491B112E02CAA200351735 /* SystemLanguageModelChat.app */;
			productType = "com.apple.product-type.application";
		};
/* End PBXNativeTarget section */

/* Begin PBXProject section */
		97491B092E02CAA200351735 /* Project object */ = {
			isa = PBXProject;
			attributes = {
				BuildIndependentTargetsInParallel = 1;
				LastSwiftUpdateCheck = 2600;
				LastUpgradeCheck = 2600;
				TargetAttributes = {
					97491B102E02CAA200351735 = {
						CreatedOnToolsVersion = 26.0;
					};
				};
			};
			buildConfigurationList = 97491B0C2E02CAA200351735 /* Build configuration list for PBXProject "SystemLanguageModelChat" */;
			developmentRegion = en;
			hasScannedForEncodings = 0;
			knownRegions = (
				en,
				Base,
				"zh-Hans",
				"zh-Hant",
				ja,
				ko,
				fr,
				de,
			);
			mainGroup = 97491B082E02CAA200351735;
			minimizedProjectReferenceProxies = 1;
			preferredProjectObjectVersion = 77;
			productRefGroup = 97491B122E02CAA200351735 /* Products */;
			projectDirPath = "";
			projectRoot = "";
			targets = (
				97491B102E02CAA200351735 /* SystemLanguageModelChat */,
			);
		};
/* End PBXProject section */

/* Begin PBXResourcesBuildPhase section */
		97491B0F2E02CAA200351735 /* Resources */ = {
			isa = PBXResourcesBuildPhase;
			buildActionMask = 2147483647;
			files = (
				971FCC1B2E05126600954414 /* Localizable.xcstrings in Resources */,
				9772EDF92E041A9D00EB46C7 /* Assets.xcassets in Resources */,
			);
			runOnlyForDeploymentPostprocessing = 0;
		};
/* End PBXResourcesBuildPhase section */

/* Begin PBXSourcesBuildPhase section */
		97491B0D2E02CAA200351735 /* Sources */ = {
			isa = PBXSourcesBuildPhase;
			buildActionMask = 2147483647;
			files = (
				97491B5F2E041BA200351735 /* ChatView.swift in Sources */,
				971D16BE2E053E810040981D /* ChatViewModel.swift in Sources */,
				97491B612E041BE900351735 /* ChatModels.swift in Sources */,
				9772EDF62E041A9D00EB46C7 /* ChatManager.swift in Sources */,
				9772EDF72E041A9D00EB46C7 /* ContentView.swift in Sources */,
				978FA24D2E0545A000140A49 /* Prompts.swift in Sources */,
				9772EDF82E041A9D00EB46C7 /* SystemLanguageModelChatApp.swift in Sources */,
				97491B632E041C3100351735 /* Utils.swift in Sources */,
			);
			runOnlyForDeploymentPostprocessing = 0;
		};
/* End PBXSourcesBuildPhase section */

/* Begin XCBuildConfiguration section */
		97491B1A2E02CAA300351735 /* Debug */ = {
			isa = XCBuildConfiguration;
			buildSettings = {
				ALWAYS_SEARCH_USER_PATHS = NO;
				ASSETCATALOG_COMPILER_GENERATE_SWIFT_ASSET_SYMBOL_EXTENSIONS = YES;
				CLANG_ANALYZER_NONNULL = YES;
				CLANG_ANALYZER_NUMBER_OBJECT_CONVERSION = YES_AGGRESSIVE;
				CLANG_CXX_LANGUAGE_STANDARD = "gnu++20";
				CLANG_ENABLE_MODULES = YES;
				CLANG_ENABLE_OBJC_ARC = YES;
				CLANG_ENABLE_OBJC_WEAK = YES;
				CLANG_WARN_BLOCK_CAPTURE_AUTORELEASING = YES;
				CLANG_WARN_BOOL_CONVERSION = YES;
				CLANG_WARN_COMMA = YES;
				CLANG_WARN_CONSTANT_CONVERSION = YES;
				CLANG_WARN_DEPRECATED_OBJC_IMPLEMENTATIONS = YES;
				CLANG_WARN_DIRECT_OBJC_ISA_USAGE = YES_ERROR;
				CLANG_WARN_DOCUMENTATION_COMMENTS = YES;
				CLANG_WARN_EMPTY_BODY = YES;
				CLANG_WARN_ENUM_CONVERSION = YES;
				CLANG_WARN_INFINITE_RECURSION = YES;
				CLANG_WARN_INT_CONVERSION = YES;
				CLANG_WARN_NON_LITERAL_NULL_CONVERSION = YES;
				CLANG_WARN_OBJC_IMPLICIT_RETAIN_SELF = YES;
				CLANG_WARN_OBJC_LITERAL_CONVERSION = YES;
				CLANG_WARN_OBJC_ROOT_CLASS = YES_ERROR;
				CLANG_WARN_QUOTED_INCLUDE_IN_FRAMEWORK_HEADER = YES;
				CLANG_WARN_RANGE_LOOP_ANALYSIS = YES;
				CLANG_WARN_STRICT_PROTOTYPES = YES;
				CLANG_WARN_SUSPICIOUS_MOVE = YES;
				CLANG_WARN_UNGUARDED_AVAILABILITY = YES_AGGRESSIVE;
				CLANG_WARN_UNREACHABLE_CODE = YES;
				CLANG_WARN__DUPLICATE_METHOD_MATCH = YES;
				COPY_PHASE_STRIP = NO;
				DEBUG_INFORMATION_FORMAT = dwarf;
				DEVELOPMENT_TEAM = 68SVKR5SF6;
				ENABLE_STRICT_OBJC_MSGSEND = YES;
				ENABLE_TESTABILITY = YES;
				ENABLE_USER_SCRIPT_SANDBOXING = YES;
				GCC_C_LANGUAGE_STANDARD = gnu17;
				GCC_DYNAMIC_NO_PIC = NO;
				GCC_NO_COMMON_BLOCKS = YES;
				GCC_OPTIMIZATION_LEVEL = 0;
				GCC_PREPROCESSOR_DEFINITIONS = (
					"DEBUG=1",
					"$(inherited)",
				);
				GCC_WARN_64_TO_32_BIT_CONVERSION = YES;
				GCC_WARN_ABOUT_RETURN_TYPE = YES_ERROR;
				GCC_WARN_UNDECLARED_SELECTOR = YES;
				GCC_WARN_UNINITIALIZED_AUTOS = YES_AGGRESSIVE;
				GCC_WARN_UNUSED_FUNCTION = YES;
				GCC_WARN_UNUSED_VARIABLE = YES;
				IPHONEOS_DEPLOYMENT_TARGET = 26.0;
				LOCALIZATION_PREFERS_STRING_CATALOGS = YES;
				MTL_ENABLE_DEBUG_INFO = INCLUDE_SOURCE;
				MTL_FAST_MATH = YES;
				ONLY_ACTIVE_ARCH = YES;
				SDKROOT = iphoneos;
				SWIFT_ACTIVE_COMPILATION_CONDITIONS = "DEBUG $(inherited)";
				SWIFT_EMIT_LOC_STRINGS = YES;
				SWIFT_OPTIMIZATION_LEVEL = "-Onone";
			};
			name = Debug;
		};
		97491B1B2E02CAA300351735 /* Release */ = {
			isa = XCBuildConfiguration;
			buildSettings = {
				ALWAYS_SEARCH_USER_PATHS = NO;
				ASSETCATALOG_COMPILER_GENERATE_SWIFT_ASSET_SYMBOL_EXTENSIONS = YES;
				CLANG_ANALYZER_NONNULL = YES;
				CLANG_ANALYZER_NUMBER_OBJECT_CONVERSION = YES_AGGRESSIVE;
				CLANG_CXX_LANGUAGE_STANDARD = "gnu++20";
				CLANG_ENABLE_MODULES = YES;
				CLANG_ENABLE_OBJC_ARC = YES;
				CLANG_ENABLE_OBJC_WEAK = YES;
				CLANG_WARN_BLOCK_CAPTURE_AUTORELEASING = YES;
				CLANG_WARN_BOOL_CONVERSION = YES;
				CLANG_WARN_COMMA = YES;
				CLANG_WARN_CONSTANT_CONVERSION = YES;
				CLANG_WARN_DEPRECATED_OBJC_IMPLEMENTATIONS = YES;
				CLANG_WARN_DIRECT_OBJC_ISA_USAGE = YES_ERROR;
				CLANG_WARN_DOCUMENTATION_COMMENTS = YES;
				CLANG_WARN_EMPTY_BODY = YES;
				CLANG_WARN_ENUM_CONVERSION = YES;
				CLANG_WARN_INFINITE_RECURSION = YES;
				CLANG_WARN_INT_CONVERSION = YES;
				CLANG_WARN_NON_LITERAL_NULL_CONVERSION = YES;
				CLANG_WARN_OBJC_IMPLICIT_RETAIN_SELF = YES;
				CLANG_WARN_OBJC_LITERAL_CONVERSION = YES;
				CLANG_WARN_OBJC_ROOT_CLASS = YES_ERROR;
				CLANG_WARN_QUOTED_INCLUDE_IN_FRAMEWORK_HEADER = YES;
				CLANG_WARN_RANGE_LOOP_ANALYSIS = YES;
				CLANG_WARN_STRICT_PROTOTYPES = YES;
				CLANG_WARN_SUSPICIOUS_MOVE = YES;
				CLANG_WARN_UNGUARDED_AVAILABILITY = YES_AGGRESSIVE;
				CLANG_WARN_UNREACHABLE_CODE = YES;
				CLANG_WARN__DUPLICATE_METHOD_MATCH = YES;
				COPY_PHASE_STRIP = NO;
				DEBUG_INFORMATION_FORMAT = "dwarf-with-dsym";
				DEVELOPMENT_TEAM = 68SVKR5SF6;
				ENABLE_NS_ASSERTIONS = NO;
				ENABLE_STRICT_OBJC_MSGSEND = YES;
				ENABLE_USER_SCRIPT_SANDBOXING = YES;
				GCC_C_LANGUAGE_STANDARD = gnu17;
				GCC_NO_COMMON_BLOCKS = YES;
				GCC_WARN_64_TO_32_BIT_CONVERSION = YES;
				GCC_WARN_ABOUT_RETURN_TYPE = YES_ERROR;
				GCC_WARN_UNDECLARED_SELECTOR = YES;
				GCC_WARN_UNINITIALIZED_AUTOS = YES_AGGRESSIVE;
				GCC_WARN_UNUSED_FUNCTION = YES;
				GCC_WARN_UNUSED_VARIABLE = YES;
				IPHONEOS_DEPLOYMENT_TARGET = 26.0;
				LOCALIZATION_PREFERS_STRING_CATALOGS = YES;
				MTL_ENABLE_DEBUG_INFO = NO;
				MTL_FAST_MATH = YES;
				SDKROOT = iphoneos;
				SWIFT_COMPILATION_MODE = wholemodule;
				SWIFT_EMIT_LOC_STRINGS = YES;
				VALIDATE_PRODUCT = YES;
			};
			name = Release;
		};
		97491B1D2E02CAA300351735 /* Debug */ = {
			isa = XCBuildConfiguration;
			buildSettings = {
				ASSETCATALOG_COMPILER_APPICON_NAME = AppIcon;
				ASSETCATALOG_COMPILER_GLOBAL_ACCENT_COLOR_NAME = AccentColor;
				CODE_SIGN_STYLE = Automatic;
				CURRENT_PROJECT_VERSION = 1;
				DEVELOPMENT_TEAM = 68SVKR5SF6;
				ENABLE_PREVIEWS = YES;
				GENERATE_INFOPLIST_FILE = YES;
				INFOPLIST_FILE = SystemLanguageModelChat/Info.plist;
				INFOPLIST_KEY_CFBundleDisplayName = "AI Chat";
				INFOPLIST_KEY_LSSupportsOpeningDocumentsInPlace = YES;
				INFOPLIST_KEY_UIApplicationSceneManifest_Generation = YES;
				INFOPLIST_KEY_UIApplicationSupportsIndirectInputEvents = YES;
				INFOPLIST_KEY_UILaunchScreen_Generation = YES;
				INFOPLIST_KEY_UISupportedInterfaceOrientations_iPad = "UIInterfaceOrientationPortrait UIInterfaceOrientationPortraitUpsideDown UIInterfaceOrientationLandscapeLeft UIInterfaceOrientationLandscapeRight";
				INFOPLIST_KEY_UISupportedInterfaceOrientations_iPhone = "UIInterfaceOrientationPortrait UIInterfaceOrientationLandscapeLeft UIInterfaceOrientationLandscapeRight";
				LD_RUNPATH_SEARCH_PATHS = (
					"$(inherited)",
					"@executable_path/Frameworks",
				);
				MARKETING_VERSION = 1.0;
				PRODUCT_BUNDLE_IDENTIFIER = com.foundationmodels.chat;
				PRODUCT_NAME = "$(TARGET_NAME)";
				STRING_CATALOG_GENERATE_SYMBOLS = YES;
				SWIFT_DEFAULT_ACTOR_ISOLATION = MainActor;
				SWIFT_EMIT_LOC_STRINGS = YES;
				SWIFT_UPCOMING_FEATURE_MEMBER_IMPORT_VISIBILITY = YES;
				SWIFT_VERSION = 5.0;
				TARGETED_DEVICE_FAMILY = "1,2";
			};
			name = Debug;
		};
		97491B1E2E02CAA300351735 /* Release */ = {
			isa = XCBuildConfiguration;
			buildSettings = {
				ASSETCATALOG_COMPILER_APPICON_NAME = AppIcon;
				ASSETCATALOG_COMPILER_GLOBAL_ACCENT_COLOR_NAME = AccentColor;
				CODE_SIGN_STYLE = Automatic;
				CURRENT_PROJECT_VERSION = 1;
				DEVELOPMENT_TEAM = 68SVKR5SF6;
				ENABLE_PREVIEWS = YES;
				GENERATE_INFOPLIST_FILE = YES;
				INFOPLIST_FILE = SystemLanguageModelChat/Info.plist;
				INFOPLIST_KEY_CFBundleDisplayName = "AI Chat";
				INFOPLIST_KEY_LSSupportsOpeningDocumentsInPlace = YES;
				INFOPLIST_KEY_UIApplicationSceneManifest_Generation = YES;
				INFOPLIST_KEY_UIApplicationSupportsIndirectInputEvents = YES;
				INFOPLIST_KEY_UILaunchScreen_Generation = YES;
				INFOPLIST_KEY_UISupportedInterfaceOrientations_iPad = "UIInterfaceOrientationPortrait UIInterfaceOrientationPortraitUpsideDown UIInterfaceOrientationLandscapeLeft UIInterfaceOrientationLandscapeRight";
				INFOPLIST_KEY_UISupportedInterfaceOrientations_iPhone = "UIInterfaceOrientationPortrait UIInterfaceOrientationLandscapeLeft UIInterfaceOrientationLandscapeRight";
				LD_RUNPATH_SEARCH_PATHS = (
					"$(inherited)",
					"@executable_path/Frameworks",
				);
				MARKETING_VERSION = 1.0;
				PRODUCT_BUNDLE_IDENTIFIER = com.foundationmodels.chat;
				PRODUCT_NAME = "$(TARGET_NAME)";
				STRING_CATALOG_GENERATE_SYMBOLS = YES;
				SWIFT_DEFAULT_ACTOR_ISOLATION = MainActor;
				SWIFT_EMIT_LOC_STRINGS = YES;
				SWIFT_UPCOMING_FEATURE_MEMBER_IMPORT_VISIBILITY = YES;
				SWIFT_VERSION = 5.0;
				TARGETED_DEVICE_FAMILY = "1,2";
			};
			name = Release;
		};
/* End XCBuildConfiguration section */

/* Begin XCConfigurationList section */
		97491B0C2E02CAA200351735 /* Build configuration list for PBXProject "SystemLanguageModelChat" */ = {
			isa = XCConfigurationList;
			buildConfigurations = (
				97491B1A2E02CAA300351735 /* Debug */,
				97491B1B2E02CAA300351735 /* Release */,
			);
			defaultConfigurationIsVisible = 0;
			defaultConfigurationName = Release;
		};
		97491B1C2E02CAA300351735 /* Build configuration list for PBXNativeTarget "SystemLanguageModelChat" */ = {
			isa = XCConfigurationList;
			buildConfigurations = (
				97491B1D2E02CAA300351735 /* Debug */,
				97491B1E2E02CAA300351735 /* Release */,
			);
			defaultConfigurationIsVisible = 0;
			defaultConfigurationName = Release;
		};
/* End XCConfigurationList section */
	};
	rootObject = 97491B092E02CAA200351735 /* Project object */;
}
